
Microsoft Visual Studio Solution File, Format Version 12.00
Project("{FAE04EC0-301F-11D3-BF4B-00C04F79EFBC}") = "streamdeck-volumemixer", "streamdeck-volumemixer\streamdeck-volumemixer.csproj", "{1C61DC03-E7F3-4934-A699-6B419FDE8196}"
EndProject
Project("{FAE04EC0-301F-11D3-BF4B-00C04F79EFBC}") = "streamdeck-volumemixer-tests", "streamdeck-volumemixer-tests\streamdeck-volumemixer-tests.csproj", "{C6074DE0-14AD-450D-9D3E-AF9D75B53080}"
EndProject
Global
	GlobalSection(SolutionConfigurationPlatforms) = preSolution
		Debug|Any CPU = Debug|Any CPU
		Release|Any CPU = Release|Any CPU
	EndGlobalSection
	GlobalSection(ProjectConfigurationPlatforms) = postSolution
		{1C61DC03-E7F3-4934-A699-6B419FDE8196}.Debug|Any CPU.ActiveCfg = Debug|Any CPU
		{1C61DC03-E7F3-4934-A699-6B419FDE8196}.Debug|Any CPU.Build.0 = Debug|Any CPU
		{1C61DC03-E7F3-4934-A699-6B419FDE8196}.Release|Any CPU.ActiveCfg = Release|Any CPU
		{1C61DC03-E7F3-4934-A699-6B419FDE8196}.Release|Any CPU.Build.0 = Release|Any CPU
		{C6074DE0-14AD-450D-9D3E-AF9D75B53080}.Debug|Any CPU.ActiveCfg = Debug|Any CPU
		{C6074DE0-14AD-450D-9D3E-AF9D75B53080}.Debug|Any CPU.Build.0 = Debug|Any CPU
		{C6074DE0-14AD-450D-9D3E-AF9D75B53080}.Release|Any CPU.ActiveCfg = Release|Any CPU
		{C6074DE0-14AD-450D-9D3E-AF9D75B53080}.Release|Any CPU.Build.0 = Release|Any CPU
	EndGlobalSection
EndGlobal
